<?xml version="1.0" encoding="utf-8"?>
<Project ToolsVersion="4.0" xmlns="http://schemas.microsoft.com/developer/msbuild/2003">
  <ItemGroup>
    <ClCompile Include="..\main.cpp" />
    <ClCompile Include="..\tflow-ctrl-cli-port.cpp" />
    <ClCompile Include="..\tflow-ctrl-srv.cpp" />
    <ClCompile Include="..\tflow-nav-imu.cpp" />
    <ClCompile Include="..\tflow-perfmon.cpp" />
    <ClCompile Include="..\tflow-vstream.cpp" />
    <ClCompile Include="..\tflow-ctrl-vstream.cpp" />
    <ClCompile Include="..\tflow-ctrl.cpp" />
    <ClCompile Include="..\tflow-buf-cli.cpp">
      <Filter>Shared\tflow-buf</Filter>
    </ClCompile>
    <ClCompile Include="..\streamer-ws\tflow-ws-vstreamer.cpp">
      <Filter>streamer-ws</Filter>
    </ClCompile>
    <ClCompile Include="..\streamer-udp\tflow-udp-vstreamer.cpp">
      <Filter>streamer-udp</Filter>
    </ClCompile>
    <ClCompile Include="..\streamer-udp\tflow-udp-vstreamer-if.cpp">
      <Filter>streamer-udp</Filter>
    </ClCompile>
    <ClCompile Include="..\encoder-v4l2\tflow-v4l2enc.cpp">
      <Filter>encoder-v4l2</Filter>
    </ClCompile>
    <ClCompile Include="..\mongoose.c" />
    <ClCompile Include="..\tflow-buf.cpp">
      <Filter>Shared\tflow-buf</Filter>
    </ClCompile>
    <ClCompile Include="..\streamer-rtsp\tflow-rtsp-vstreamer.cpp">
      <Filter>streamer-rtsp</Filter>
    </ClCompile>
  </ItemGroup>
  <ItemGroup>
    <ClInclude Include="..\tflow-build-cfg.hpp" />
    <ClInclude Include="..\tflow-common.hpp" />
    <ClInclude Include="..\tflow-ctrl-cli-port.hpp" />
    <ClInclude Include="..\tflow-ctrl-srv.hpp" />
    <ClInclude Include="..\tflow-nav-imu.hpp" />
    <ClInclude Include="..\tflow-perfmon.hpp" />
    <ClInclude Include="..\tflow-vstream.hpp" />
    <ClInclude Include="..\tflow-ctrl-vstream.hpp" />
    <ClInclude Include="..\tflow-ctrl.hpp" />
    <ClInclude Include="buildin.h" />
    <ClInclude Include="..\tflow-buf-cli.hpp">
      <Filter>Shared\tflow-buf</Filter>
    </ClInclude>
    <ClInclude Include="..\tflow-buf.hpp">
      <Filter>Shared\tflow-buf</Filter>
    </ClInclude>
    <ClInclude Include="..\tflow-buf-pck.hpp">
      <Filter>Shared\tflow-buf</Filter>
    </ClInclude>
    <ClInclude Include="..\tflow-ctrl-srv-vstream.hpp" />
    <ClInclude Include="..\tflow-ctrl-vstream-ui.hpp" />
    <ClInclude Include="..\streamer-ws\tflow-ws-vstreamer.hpp">
      <Filter>streamer-ws</Filter>
    </ClInclude>
    <ClInclude Include="..\streamer-ws\tflow-ws-vstreamer-cfg.hpp">
      <Filter>streamer-ws</Filter>
    </ClInclude>
    <ClInclude Include="..\streamer-udp\tflow-udp-vstreamer.hpp">
      <Filter>streamer-udp</Filter>
    </ClInclude>
    <ClInclude Include="..\streamer-udp\tflow-udp-vstreamer-cfg.hpp">
      <Filter>streamer-udp</Filter>
    </ClInclude>
    <ClInclude Include="..\encoder-v4l2\tflow-v4l2enc.hpp">
      <Filter>encoder-v4l2</Filter>
    </ClInclude>
    <ClInclude Include="..\encoder-v4l2\tflow-v4l2enc-cfg.hpp">
      <Filter>encoder-v4l2</Filter>
    </ClInclude>
    <ClInclude Include="..\mongoose.h" />
    <ClInclude Include="..\streamer-rtsp\tflow-rtsp-vstreamer.hpp">
      <Filter>streamer-rtsp</Filter>
    </ClInclude>
    <ClInclude Include="..\streamer-rtsp\tflow-rtsp-vstreamer-cfg.hpp">
      <Filter>streamer-rtsp</Filter>
    </ClInclude>
  </ItemGroup>
  <ItemGroup>
    <Text Include="..\CMakeLists.txt" />
  </ItemGroup>
  <ItemGroup>
    <Filter Include="Shared">
      <UniqueIdentifier>{d3e0d30f-114c-473b-9633-383f56d9783c}</UniqueIdentifier>
    </Filter>
    <Filter Include="Shared\tflow-buf">
      <UniqueIdentifier>{cecba52e-73b1-42c6-985a-b4e7fc646cfd}</UniqueIdentifier>
    </Filter>
    <Filter Include="encoder-v4l2">
      <UniqueIdentifier>{d0ddac30-281b-418a-9d9d-d842c20e087e}</UniqueIdentifier>
    </Filter>
    <Filter Include="streamer-udp">
      <UniqueIdentifier>{1861ed4f-52b6-4ef0-b5b5-f89feb6d426d}</UniqueIdentifier>
    </Filter>
    <Filter Include="streamer-ws">
      <UniqueIdentifier>{f564e2f8-2ae7-4b6f-9f6f-b8ae6ae9c5c0}</UniqueIdentifier>
    </Filter>
    <Filter Include="streamer-rtsp">
      <UniqueIdentifier>{379fa8f3-6054-46ea-862a-bc44be327aed}</UniqueIdentifier>
    </Filter>
  </ItemGroup>
</Project>